
Microsoft Visual Studio Solution File, Format Version 12.00
# Visual Studio Version 17
VisualStudioVersion = 17.2.32616.157
MinimumVisualStudioVersion = 10.0.40219.1
Project("{2150E333-8FDC-42A3-9474-1A3956D46DE8}") = "WebApiApp", "WebApiApp", "{A4EA7AB6-BB7E-4116-980E-260696A7C025}"
EndProject
Project("{9A19103F-16F7-4668-BE54-9A1E7A4F7556}") = "TodoApi", "TodoApi\TodoApi.csproj", "{FD477B9B-3B71-4774-9552-E2CA8660FF81}"
EndProject
Project("{9A19103F-16F7-4668-BE54-9A1E7A4F7556}") = "TodoApiMinimal", "TodoApiMinimal\TodoApiMinimal.csproj", "{B19E1E93-CD95-4BA4-B3D0-893BE0BB0B37}"
EndProject
Project("{9A19103F-16F7-4668-BE54-9A1E7A4F7556}") = "TodoApiJS", "TodoApiJS\TodoApiJS.csproj", "{B80BDE00-5304-4C0A-A02B-3D1D82CB8C67}"
EndProject
Project("{9A19103F-16F7-4668-BE54-9A1E7A4F7556}") = "ApiUseMongoDB", "ApiUseMongoDB\ApiUseMongoDB.csproj", "{C421C88D-96FF-415B-9106-9FC49EC39480}"
EndProject
Project("{9A19103F-16F7-4668-BE54-9A1E7A4F7556}") = "JsonPatchSample", "JsonPatchSample\JsonPatchSample.csproj", "{1548681C-31A5-4DA9-A484-A5A7AF48BBD9}"
EndProject
Global
	GlobalSection(SolutionConfigurationPlatforms) = preSolution
		Debug|Any CPU = Debug|Any CPU
		Release|Any CPU = Release|Any CPU
	EndGlobalSection
	GlobalSection(ProjectConfigurationPlatforms) = postSolution
		{FD477B9B-3B71-4774-9552-E2CA8660FF81}.Debug|Any CPU.ActiveCfg = Debug|Any CPU
		{FD477B9B-3B71-4774-9552-E2CA8660FF81}.Debug|Any CPU.Build.0 = Debug|Any CPU
		{FD477B9B-3B71-4774-9552-E2CA8660FF81}.Release|Any CPU.ActiveCfg = Release|Any CPU
		{FD477B9B-3B71-4774-9552-E2CA8660FF81}.Release|Any CPU.Build.0 = Release|Any CPU
		{B19E1E93-CD95-4BA4-B3D0-893BE0BB0B37}.Debug|Any CPU.ActiveCfg = Debug|Any CPU
		{B19E1E93-CD95-4BA4-B3D0-893BE0BB0B37}.Debug|Any CPU.Build.0 = Debug|Any CPU
		{B19E1E93-CD95-4BA4-B3D0-893BE0BB0B37}.Release|Any CPU.ActiveCfg = Release|Any CPU
		{B19E1E93-CD95-4BA4-B3D0-893BE0BB0B37}.Release|Any CPU.Build.0 = Release|Any CPU
		{B80BDE00-5304-4C0A-A02B-3D1D82CB8C67}.Debug|Any CPU.ActiveCfg = Debug|Any CPU
		{B80BDE00-5304-4C0A-A02B-3D1D82CB8C67}.Debug|Any CPU.Build.0 = Debug|Any CPU
		{B80BDE00-5304-4C0A-A02B-3D1D82CB8C67}.Release|Any CPU.ActiveCfg = Release|Any CPU
		{B80BDE00-5304-4C0A-A02B-3D1D82CB8C67}.Release|Any CPU.Build.0 = Release|Any CPU
		{C421C88D-96FF-415B-9106-9FC49EC39480}.Debug|Any CPU.ActiveCfg = Debug|Any CPU
		{C421C88D-96FF-415B-9106-9FC49EC39480}.Debug|Any CPU.Build.0 = Debug|Any CPU
		{C421C88D-96FF-415B-9106-9FC49EC39480}.Release|Any CPU.ActiveCfg = Release|Any CPU
		{C421C88D-96FF-415B-9106-9FC49EC39480}.Release|Any CPU.Build.0 = Release|Any CPU
		{1548681C-31A5-4DA9-A484-A5A7AF48BBD9}.Debug|Any CPU.ActiveCfg = Debug|Any CPU
		{1548681C-31A5-4DA9-A484-A5A7AF48BBD9}.Debug|Any CPU.Build.0 = Debug|Any CPU
		{1548681C-31A5-4DA9-A484-A5A7AF48BBD9}.Release|Any CPU.ActiveCfg = Release|Any CPU
		{1548681C-31A5-4DA9-A484-A5A7AF48BBD9}.Release|Any CPU.Build.0 = Release|Any CPU
	EndGlobalSection
	GlobalSection(SolutionProperties) = preSolution
		HideSolutionNode = FALSE
	EndGlobalSection
	GlobalSection(NestedProjects) = preSolution
		{FD477B9B-3B71-4774-9552-E2CA8660FF81} = {A4EA7AB6-BB7E-4116-980E-260696A7C025}
		{B19E1E93-CD95-4BA4-B3D0-893BE0BB0B37} = {A4EA7AB6-BB7E-4116-980E-260696A7C025}
		{B80BDE00-5304-4C0A-A02B-3D1D82CB8C67} = {A4EA7AB6-BB7E-4116-980E-260696A7C025}
		{C421C88D-96FF-415B-9106-9FC49EC39480} = {A4EA7AB6-BB7E-4116-980E-260696A7C025}
		{1548681C-31A5-4DA9-A484-A5A7AF48BBD9} = {A4EA7AB6-BB7E-4116-980E-260696A7C025}
	EndGlobalSection
	GlobalSection(ExtensibilityGlobals) = postSolution
		SolutionGuid = {48140058-78BC-483C-BDB3-E43F681123DB}
	EndGlobalSection
EndGlobal
